// !$*UTF8*$!
{
	archiveVersion = 1;
	classes = {
	};
	objectVersion = 50;
	objects = {

/* Begin PBXBuildFile section */
		DC2A854422D0336F00B4BACD /* FriendTableViewCell.swift in Sources */ = {isa = PBXBuildFile; fileRef = DC2A854322D0336F00B4BACD /* FriendTableViewCell.swift */; };
		DC2A854622D2ED6E00B4BACD /* AddFriendTableViewController.swift in Sources */ = {isa = PBXBuildFile; fileRef = DC2A854522D2ED6E00B4BACD /* AddFriendTableViewController.swift */; };
		DC91E57B22C452C500C8A144 /* AppDelegate.swift in Sources */ = {isa = PBXBuildFile; fileRef = DC91E57A22C452C500C8A144 /* AppDelegate.swift */; };
		DC91E57D22C452C500C8A144 /* DetailsViewController.swift in Sources */ = {isa = PBXBuildFile; fileRef = DC91E57C22C452C500C8A144 /* DetailsViewController.swift */; };
		DC91E58022C452C500C8A144 /* Main.storyboard in Resources */ = {isa = PBXBuildFile; fileRef = DC91E57E22C452C500C8A144 /* Main.storyboard */; };
		DC91E58222C452C700C8A144 /* Assets.xcassets in Resources */ = {isa = PBXBuildFile; fileRef = DC91E58122C452C700C8A144 /* Assets.xcassets */; };
		DC91E58522C452C700C8A144 /* LaunchScreen.storyboard in Resources */ = {isa = PBXBuildFile; fileRef = DC91E58322C452C700C8A144 /* LaunchScreen.storyboard */; };
		DC91E58D22C453AF00C8A144 /* FriendsTableTableViewController.swift in Sources */ = {isa = PBXBuildFile; fileRef = DC91E58C22C453AF00C8A144 /* FriendsTableTableViewController.swift */; };
/* End PBXBuildFile section */

/* Begin PBXFileReference section */
		DC2A854322D0336F00B4BACD /* FriendTableViewCell.swift */ = {isa = PBXFileReference; lastKnownFileType = sourcecode.swift; path = FriendTableViewCell.swift; sourceTree = "<group>"; };
		DC2A854522D2ED6E00B4BACD /* AddFriendTableViewController.swift */ = {isa = PBXFileReference; lastKnownFileType = sourcecode.swift; path = AddFriendTableViewController.swift; sourceTree = "<group>"; };
		DC91E57722C452C500C8A144 /* friends.app */ = {isa = PBXFileReference; explicitFileType = wrapper.application; includeInIndex = 0; path = friends.app; sourceTree = BUILT_PRODUCTS_DIR; };
		DC91E57A22C452C500C8A144 /* AppDelegate.swift */ = {isa = PBXFileReference; lastKnownFileType = sourcecode.swift; path = AppDelegate.swift; sourceTree = "<group>"; };
		DC91E57C22C452C500C8A144 /* DetailsViewController.swift */ = {isa = PBXFileReference; lastKnownFileType = sourcecode.swift; path = DetailsViewController.swift; sourceTree = "<group>"; };
		DC91E57F22C452C500C8A144 /* Base */ = {isa = PBXFileReference; lastKnownFileType = file.storyboard; name = Base; path = Base.lproj/Main.storyboard; sourceTree = "<group>"; };
		DC91E58122C452C700C8A144 /* Assets.xcassets */ = {isa = PBXFileReference; lastKnownFileType = folder.assetcatalog; path = Assets.xcassets; sourceTree = "<group>"; };
		DC91E58422C452C700C8A144 /* Base */ = {isa = PBXFileReference; lastKnownFileType = file.storyboard; name = Base; path = Base.lproj/LaunchScreen.storyboard; sourceTree = "<group>"; };
		DC91E58622C452C700C8A144 /* Info.plist */ = {isa = PBXFileReference; lastKnownFileType = text.plist.xml; path = Info.plist; sourceTree = "<group>"; };
		DC91E58C22C453AF00C8A144 /* FriendsTableTableViewController.swift */ = {isa = PBXFileReference; lastKnownFileType = sourcecode.swift; path = FriendsTableTableViewController.swift; sourceTree = "<group>"; };
/* End PBXFileReference section */

/* Begin PBXFrameworksBuildPhase section */
		DC91E57422C452C500C8A144 /* Frameworks */ = {
			isa = PBXFrameworksBuildPhase;
			buildActionMask = 2147483647;
			files = (
			);
			runOnlyForDeploymentPostprocessing = 0;
		};
/* End PBXFrameworksBuildPhase section */

/* Begin PBXGroup section */
		DC91E56E22C452C500C8A144 = {
			isa = PBXGroup;
			children = (
				DC91E57922C452C500C8A144 /* friends */,
				DC91E57822C452C500C8A144 /* Products */,
			);
			sourceTree = "<group>";
		};
		DC91E57822C452C500C8A144 /* Products */ = {
			isa = PBXGroup;
			children = (
				DC91E57722C452C500C8A144 /* friends.app */,
			);
			name = Products;
			sourceTree = "<group>";
		};
		DC91E57922C452C500C8A144 /* friends */ = {
			isa = PBXGroup;
			children = (
				DC91E57A22C452C500C8A144 /* AppDelegate.swift */,
				DC91E57C22C452C500C8A144 /* DetailsViewController.swift */,
				DC91E57E22C452C500C8A144 /* Main.storyboard */,
				DC2A854322D0336F00B4BACD /* FriendTableViewCell.swift */,
				DC91E58C22C453AF00C8A144 /* FriendsTableTableViewController.swift */,
				DC2A854522D2ED6E00B4BACD /* AddFriendTableViewController.swift */,
				DC91E58122C452C700C8A144 /* Assets.xcassets */,
				DC91E58322C452C700C8A144 /* LaunchScreen.storyboard */,
				DC91E58622C452C700C8A144 /* Info.plist */,
			);
			path = friends;
			sourceTree = "<group>";
		};
/* End PBXGroup section */

/* Begin PBXNativeTarget section */
		DC91E57622C452C500C8A144 /* friends */ = {
			isa = PBXNativeTarget;
			buildConfigurationList = DC91E58922C452C700C8A144 /* Build configuration list for PBXNativeTarget "friends" */;
			buildPhases = (
				DC91E57322C452C500C8A144 /* Sources */,
				DC91E57422C452C500C8A144 /* Frameworks */,
				DC91E57522C452C500C8A144 /* Resources */,
			);
			buildRules = (
			);
			dependencies = (
			);
			name = friends;
			productName = friends;
			productReference = DC91E57722C452C500C8A144 /* friends.app */;
			productType = "com.apple.product-type.application";
		};
/* End PBXNativeTarget section */

/* Begin PBXProject section */
		DC91E56F22C452C500C8A144 /* Project object */ = {
			isa = PBXProject;
			attributes = {
				LastSwiftUpdateCheck = 1020;
				LastUpgradeCheck = 1020;
				ORGANIZATIONNAME = Faith;
				TargetAttributes = {
					DC91E57622C452C500C8A144 = {
						CreatedOnToolsVersion = 10.2.1;
					};
				};
			};
			buildConfigurationList = DC91E57222C452C500C8A144 /* Build configuration list for PBXProject "friends" */;
			compatibilityVersion = "Xcode 9.3";
			developmentRegion = en;
			hasScannedForEncodings = 0;
			knownRegions = (
				en,
				Base,
			);
			mainGroup = DC91E56E22C452C500C8A144;
			productRefGroup = DC91E57822C452C500C8A144 /* Products */;
			projectDirPath = "";
			projectRoot = "";
			targets = (
				DC91E57622C452C500C8A144 /* friends */,
			);
		};
/* End PBXProject section */

/* Begin PBXResourcesBuildPhase section */
		DC91E57522C452C500C8A144 /* Resources */ = {
			isa = PBXResourcesBuildPhase;
			buildActionMask = 2147483647;
			files = (
				DC91E58522C452C700C8A144 /* LaunchScreen.storyboard in Resources */,
				DC91E58222C452C700C8A144 /* Assets.xcassets in Resources */,
				DC91E58022C452C500C8A144 /* Main.storyboard in Resources */,
			);
			runOnlyForDeploymentPostprocessing = 0;
		};
/* End PBXResourcesBuildPhase section */

/* Begin PBXSourcesBuildPhase section */
		DC91E57322C452C500C8A144 /* Sources */ = {
			isa = PBXSourcesBuildPhase;
			buildActionMask = 2147483647;
			files = (
				DC91E58D22C453AF00C8A144 /* FriendsTableTableViewController.swift in Sources */,
				DC91E57D22C452C500C8A144 /* DetailsViewController.swift in Sources */,
				DC2A854622D2ED6E00B4BACD /* AddFriendTableViewController.swift in Sources */,
				DC91E57B22C452C500C8A144 /* AppDelegate.swift in Sources */,
				DC2A854422D0336F00B4BACD /* FriendTableViewCell.swift in Sources */,
			);
			runOnlyForDeploymentPostprocessing = 0;
		};
/* End PBXSourcesBuildPhase section */

/* Begin PBXVariantGroup section */
		DC91E57E22C452C500C8A144 /* Main.storyboard */ = {
			isa = PBXVariantGroup;
			children = (
				DC91E57F22C452C500C8A144 /* Base */,
			);
			name = Main.storyboard;
			sourceTree = "<group>";
		};
		DC91E58322C452C700C8A144 /* LaunchScreen.storyboard */ = {
			isa = PBXVariantGroup;
			children = (
				DC91E58422C452C700C8A144 /* Base */,
			);
			name = LaunchScreen.storyboard;
			sourceTree = "<group>";
		};
/* End PBXVariantGroup section */

/* Begin XCBuildConfiguration section */
		DC91E58722C452C700C8A144 /* Debug */ = {
			isa = XCBuildConfiguration;
			buildSettings = {
				ALWAYS_SEARCH_USER_PATHS = NO;
				CLANG_ANALYZER_NONNULL = YES;
				CLANG_ANALYZER_NUMBER_OBJECT_CONVERSION = YES_AGGRESSIVE;
				CLANG_CXX_LANGUAGE_STANDARD = "gnu++14";
				CLANG_CXX_LIBRARY = "libc++";
				CLANG_ENABLE_MODULES = YES;
				CLANG_ENABLE_OBJC_ARC = YES;
				CLANG_ENABLE_OBJC_WEAK = YES;
				CLANG_WARN_BLOCK_CAPTURE_AUTORELEASING = YES;
				CLANG_WARN_BOOL_CONVERSION = YES;
				CLANG_WARN_COMMA = YES;
				CLANG_WARN_CONSTANT_CONVERSION = YES;
				CLANG_WARN_DEPRECATED_OBJC_IMPLEMENTATIONS = YES;
				CLANG_WARN_DIRECT_OBJC_ISA_USAGE = YES_ERROR;
				CLANG_WARN_DOCUMENTATION_COMMENTS = YES;
				CLANG_WARN_EMPTY_BODY = YES;
				CLANG_WARN_ENUM_CONVERSION = YES;
				CLANG_WARN_INFINITE_RECURSION = YES;
				CLANG_WARN_INT_CONVERSION = YES;
				CLANG_WARN_NON_LITERAL_NULL_CONVERSION = YES;
				CLANG_WARN_OBJC_IMPLICIT_RETAIN_SELF = YES;
				CLANG_WARN_OBJC_LITERAL_CONVERSION = YES;
				CLANG_WARN_OBJC_ROOT_CLASS = YES_ERROR;
				CLANG_WARN_RANGE_LOOP_ANALYSIS = YES;
				CLANG_WARN_STRICT_PROTOTYPES = YES;
				CLANG_WARN_SUSPICIOUS_MOVE = YES;
				CLANG_WARN_UNGUARDED_AVAILABILITY = YES_AGGRESSIVE;
				CLANG_WARN_UNREACHABLE_CODE = YES;
				CLANG_WARN__DUPLICATE_METHOD_MATCH = YES;
				CODE_SIGN_IDENTITY = "iPhone Developer";
				COPY_PHASE_STRIP = NO;
				DEBUG_INFORMATION_FORMAT = dwarf;
				ENABLE_STRICT_OBJC_MSGSEND = YES;
				ENABLE_TESTABILITY = YES;
				GCC_C_LANGUAGE_STANDARD = gnu11;
				GCC_DYNAMIC_NO_PIC = NO;
				GCC_NO_COMMON_BLOCKS = YES;
				GCC_OPTIMIZATION_LEVEL = 0;
				GCC_PREPROCESSOR_DEFINITIONS = (
					"DEBUG=1",
					"$(inherited)",
				);
				GCC_WARN_64_TO_32_BIT_CONVERSION = YES;
				GCC_WARN_ABOUT_RETURN_TYPE = YES_ERROR;
				GCC_WARN_UNDECLARED_SELECTOR = YES;
				GCC_WARN_UNINITIALIZED_AUTOS = YES_AGGRESSIVE;
				GCC_WARN_UNUSED_FUNCTION = YES;
				GCC_WARN_UNUSED_VARIABLE = YES;
				IPHONEOS_DEPLOYMENT_TARGET = 12.2;
				MTL_ENABLE_DEBUG_INFO = INCLUDE_SOURCE;
				MTL_FAST_MATH = YES;
				ONLY_ACTIVE_ARCH = YES;
				SDKROOT = iphoneos;
				SWIFT_ACTIVE_COMPILATION_CONDITIONS = DEBUG;
				SWIFT_OPTIMIZATION_LEVEL = "-Onone";
			};
			name = Debug;
		};
		DC91E58822C452C700C8A144 /* Release */ = {
			isa = XCBuildConfiguration;
			buildSettings = {
				ALWAYS_SEARCH_USER_PATHS = NO;
				CLANG_ANALYZER_NONNULL = YES;
				CLANG_ANALYZER_NUMBER_OBJECT_CONVERSION = YES_AGGRESSIVE;
				CLANG_CXX_LANGUAGE_STANDARD = "gnu++14";
				CLANG_CXX_LIBRARY = "libc++";
				CLANG_ENABLE_MODULES = YES;
				CLANG_ENABLE_OBJC_ARC = YES;
				CLANG_ENABLE_OBJC_WEAK = YES;
				CLANG_WARN_BLOCK_CAPTURE_AUTORELEASING = YES;
				CLANG_WARN_BOOL_CONVERSION = YES;
				CLANG_WARN_COMMA = YES;
				CLANG_WARN_CONSTANT_CONVERSION = YES;
				CLANG_WARN_DEPRECATED_OBJC_IMPLEMENTATIONS = YES;
				CLANG_WARN_DIRECT_OBJC_ISA_USAGE = YES_ERROR;
				CLANG_WARN_DOCUMENTATION_COMMENTS = YES;
				CLANG_WARN_EMPTY_BODY = YES;
				CLANG_WARN_ENUM_CONVERSION = YES;
				CLANG_WARN_INFINITE_RECURSION = YES;
				CLANG_WARN_INT_CONVERSION = YES;
				CLANG_WARN_NON_LITERAL_NULL_CONVERSION = YES;
				CLANG_WARN_OBJC_IMPLICIT_RETAIN_SELF = YES;
				CLANG_WARN_OBJC_LITERAL_CONVERSION = YES;
				CLANG_WARN_OBJC_ROOT_CLASS = YES_ERROR;
				CLANG_WARN_RANGE_LOOP_ANALYSIS = YES;
				CLANG_WARN_STRICT_PROTOTYPES = YES;
				CLANG_WARN_SUSPICIOUS_MOVE = YES;
				CLANG_WARN_UNGUARDED_AVAILABILITY = YES_AGGRESSIVE;
				CLANG_WARN_UNREACHABLE_CODE = YES;
				CLANG_WARN__DUPLICATE_METHOD_MATCH = YES;
				CODE_SIGN_IDENTITY = "iPhone Developer";
				COPY_PHASE_STRIP = NO;
				DEBUG_INFORMATION_FORMAT = "dwarf-with-dsym";
				ENABLE_NS_ASSERTIONS = NO;
				ENABLE_STRICT_OBJC_MSGSEND = YES;
				GCC_C_LANGUAGE_STANDARD = gnu11;
				GCC_NO_COMMON_BLOCKS = YES;
				GCC_WARN_64_TO_32_BIT_CONVERSION = YES;
				GCC_WARN_ABOUT_RETURN_TYPE = YES_ERROR;
				GCC_WARN_UNDECLARED_SELECTOR = YES;
				GCC_WARN_UNINITIALIZED_AUTOS = YES_AGGRESSIVE;
				GCC_WARN_UNUSED_FUNCTION = YES;
				GCC_WARN_UNUSED_VARIABLE = YES;
				IPHONEOS_DEPLOYMENT_TARGET = 12.2;
				MTL_ENABLE_DEBUG_INFO = NO;
				MTL_FAST_MATH = YES;
				SDKROOT = iphoneos;
				SWIFT_COMPILATION_MODE = wholemodule;
				SWIFT_OPTIMIZATION_LEVEL = "-O";
				VALIDATE_PRODUCT = YES;
			};
			name = Release;
		};
		DC91E58A22C452C700C8A144 /* Debug */ = {
			isa = XCBuildConfiguration;
			buildSettings = {
				ASSETCATALOG_COMPILER_APPICON_NAME = AppIcon;
				CODE_SIGN_STYLE = Automatic;
				DEVELOPMENT_TEAM = 34S7C8WX5K;
				INFOPLIST_FILE = friends/Info.plist;
				LD_RUNPATH_SEARCH_PATHS = (
					"$(inherited)",
					"@executable_path/Frameworks",
				);
				PRODUCT_BUNDLE_IDENTIFIER = com.example.friends;
				PRODUCT_NAME = "$(TARGET_NAME)";
				SWIFT_VERSION = 5.0;
				TARGETED_DEVICE_FAMILY = "1,2";
			};
			name = Debug;
		};
		DC91E58B22C452C700C8A144 /* Release */ = {
			isa = XCBuildConfiguration;
			buildSettings = {
				ASSETCATALOG_COMPILER_APPICON_NAME = AppIcon;
				CODE_SIGN_STYLE = Automatic;
				DEVELOPMENT_TEAM = 34S7C8WX5K;
				INFOPLIST_FILE = friends/Info.plist;
				LD_RUNPATH_SEARCH_PATHS = (
					"$(inherited)",
					"@executable_path/Frameworks",
				);
				PRODUCT_BUNDLE_IDENTIFIER = com.example.friends;
				PRODUCT_NAME = "$(TARGET_NAME)";
				SWIFT_VERSION = 5.0;
				TARGETED_DEVICE_FAMILY = "1,2";
			};
			name = Release;
		};
/* End XCBuildConfiguration section */

/* Begin XCConfigurationList section */
		DC91E57222C452C500C8A144 /* Build configuration list for PBXProject "friends" */ = {
			isa = XCConfigurationList;
			buildConfigurations = (
				DC91E58722C452C700C8A144 /* Debug */,
				DC91E58822C452C700C8A144 /* Release */,
			);
			defaultConfigurationIsVisible = 0;
			defaultConfigurationName = Release;
		};
		DC91E58922C452C700C8A144 /* Build configuration list for PBXNativeTarget "friends" */ = {
			isa = XCConfigurationList;
			buildConfigurations = (
				DC91E58A22C452C700C8A144 /* Debug */,
				DC91E58B22C452C700C8A144 /* Release */,
			);
			defaultConfigurationIsVisible = 0;
			defaultConfigurationName = Release;
		};
/* End XCConfigurationList section */
	};
	rootObject = DC91E56F22C452C500C8A144 /* Project object */;
}
